// !$*UTF8*$!
{
	archiveVersion = 1;
	classes = {
	};
	objectVersion = 56;
	objects = {

/* Begin PBXBuildFile section */
		88B41A2E2CEB9CFD0014522E /* AppDelegate.swift in Sources */ = {isa = PBXBuildFile; fileRef = 88B41A2D2CEB9CFD0014522E /* AppDelegate.swift */; };
		88B41A302CEB9CFD0014522E /* SceneDelegate.swift in Sources */ = {isa = PBXBuildFile; fileRef = 88B41A2F2CEB9CFD0014522E /* SceneDelegate.swift */; };
		88B41A322CEB9CFD0014522E /* ViewController.swift in Sources */ = {isa = PBXBuildFile; fileRef = 88B41A312CEB9CFD0014522E /* ViewController.swift */; };
		88B41A352CEB9CFD0014522E /* Main.storyboard in Resources */ = {isa = PBXBuildFile; fileRef = 88B41A332CEB9CFD0014522E /* Main.storyboard */; };
		88B41A372CEB9CFE0014522E /* Assets.xcassets in Resources */ = {isa = PBXBuildFile; fileRef = 88B41A362CEB9CFE0014522E /* Assets.xcassets */; };
		88B41A3A2CEB9CFE0014522E /* LaunchScreen.storyboard in Resources */ = {isa = PBXBuildFile; fileRef = 88B41A382CEB9CFE0014522E /* LaunchScreen.storyboard */; };
		88B41A452CEB9CFE0014522E /* KalkulatorTests.swift in Sources */ = {isa = PBXBuildFile; fileRef = 88B41A442CEB9CFE0014522E /* KalkulatorTests.swift */; };
		88B41A4F2CEB9CFE0014522E /* KalkulatorUITests.swift in Sources */ = {isa = PBXBuildFile; fileRef = 88B41A4E2CEB9CFE0014522E /* KalkulatorUITests.swift */; };
		88B41A512CEB9CFE0014522E /* KalkulatorUITestsLaunchTests.swift in Sources */ = {isa = PBXBuildFile; fileRef = 88B41A502CEB9CFE0014522E /* KalkulatorUITestsLaunchTests.swift */; };
/* End PBXBuildFile section */

/* Begin PBXContainerItemProxy section */
		88B41A412CEB9CFE0014522E /* PBXContainerItemProxy */ = {
			isa = PBXContainerItemProxy;
			containerPortal = 88B41A222CEB9CFD0014522E /* Project object */;
			proxyType = 1;
			remoteGlobalIDString = 88B41A292CEB9CFD0014522E;
			remoteInfo = Kalkulator;
		};
		88B41A4B2CEB9CFE0014522E /* PBXContainerItemProxy */ = {
			isa = PBXContainerItemProxy;
			containerPortal = 88B41A222CEB9CFD0014522E /* Project object */;
			proxyType = 1;
			remoteGlobalIDString = 88B41A292CEB9CFD0014522E;
			remoteInfo = Kalkulator;
		};
/* End PBXContainerItemProxy section */

/* Begin PBXFileReference section */
		88B41A2A2CEB9CFD0014522E /* Kalkulator.app */ = {isa = PBXFileReference; explicitFileType = wrapper.application; includeInIndex = 0; path = Kalkulator.app; sourceTree = BUILT_PRODUCTS_DIR; };
		88B41A2D2CEB9CFD0014522E /* AppDelegate.swift */ = {isa = PBXFileReference; lastKnownFileType = sourcecode.swift; path = AppDelegate.swift; sourceTree = "<group>"; };
		88B41A2F2CEB9CFD0014522E /* SceneDelegate.swift */ = {isa = PBXFileReference; lastKnownFileType = sourcecode.swift; path = SceneDelegate.swift; sourceTree = "<group>"; };
		88B41A312CEB9CFD0014522E /* ViewController.swift */ = {isa = PBXFileReference; lastKnownFileType = sourcecode.swift; path = ViewController.swift; sourceTree = "<group>"; };
		88B41A342CEB9CFD0014522E /* Base */ = {isa = PBXFileReference; lastKnownFileType = file.storyboard; name = Base; path = Base.lproj/Main.storyboard; sourceTree = "<group>"; };
		88B41A362CEB9CFE0014522E /* Assets.xcassets */ = {isa = PBXFileReference; lastKnownFileType = folder.assetcatalog; path = Assets.xcassets; sourceTree = "<group>"; };
		88B41A392CEB9CFE0014522E /* Base */ = {isa = PBXFileReference; lastKnownFileType = file.storyboard; name = Base; path = Base.lproj/LaunchScreen.storyboard; sourceTree = "<group>"; };
		88B41A3B2CEB9CFE0014522E /* Info.plist */ = {isa = PBXFileReference; lastKnownFileType = text.plist.xml; path = Info.plist; sourceTree = "<group>"; };
		88B41A402CEB9CFE0014522E /* KalkulatorTests.xctest */ = {isa = PBXFileReference; explicitFileType = wrapper.cfbundle; includeInIndex = 0; path = KalkulatorTests.xctest; sourceTree = BUILT_PRODUCTS_DIR; };
		88B41A442CEB9CFE0014522E /* KalkulatorTests.swift */ = {isa = PBXFileReference; lastKnownFileType = sourcecode.swift; path = KalkulatorTests.swift; sourceTree = "<group>"; };
		88B41A4A2CEB9CFE0014522E /* KalkulatorUITests.xctest */ = {isa = PBXFileReference; explicitFileType = wrapper.cfbundle; includeInIndex = 0; path = KalkulatorUITests.xctest; sourceTree = BUILT_PRODUCTS_DIR; };
		88B41A4E2CEB9CFE0014522E /* KalkulatorUITests.swift */ = {isa = PBXFileReference; lastKnownFileType = sourcecode.swift; path = KalkulatorUITests.swift; sourceTree = "<group>"; };
		88B41A502CEB9CFE0014522E /* KalkulatorUITestsLaunchTests.swift */ = {isa = PBXFileReference; lastKnownFileType = sourcecode.swift; path = KalkulatorUITestsLaunchTests.swift; sourceTree = "<group>"; };
/* End PBXFileReference section */

/* Begin PBXFrameworksBuildPhase section */
		88B41A272CEB9CFD0014522E /* Frameworks */ = {
			isa = PBXFrameworksBuildPhase;
			buildActionMask = 2147483647;
			files = (
			);
			runOnlyForDeploymentPostprocessing = 0;
		};
		88B41A3D2CEB9CFE0014522E /* Frameworks */ = {
			isa = PBXFrameworksBuildPhase;
			buildActionMask = 2147483647;
			files = (
			);
			runOnlyForDeploymentPostprocessing = 0;
		};
		88B41A472CEB9CFE0014522E /* Frameworks */ = {
			isa = PBXFrameworksBuildPhase;
			buildActionMask = 2147483647;
			files = (
			);
			runOnlyForDeploymentPostprocessing = 0;
		};
/* End PBXFrameworksBuildPhase section */

/* Begin PBXGroup section */
		88B41A212CEB9CFD0014522E = {
			isa = PBXGroup;
			children = (
				88B41A2C2CEB9CFD0014522E /* Kalkulator */,
				88B41A432CEB9CFE0014522E /* KalkulatorTests */,
				88B41A4D2CEB9CFE0014522E /* KalkulatorUITests */,
				88B41A2B2CEB9CFD0014522E /* Products */,
			);
			sourceTree = "<group>";
		};
		88B41A2B2CEB9CFD0014522E /* Products */ = {
			isa = PBXGroup;
			children = (
				88B41A2A2CEB9CFD0014522E /* Kalkulator.app */,
				88B41A402CEB9CFE0014522E /* KalkulatorTests.xctest */,
				88B41A4A2CEB9CFE0014522E /* KalkulatorUITests.xctest */,
			);
			name = Products;
			sourceTree = "<group>";
		};
		88B41A2C2CEB9CFD0014522E /* Kalkulator */ = {
			isa = PBXGroup;
			children = (
				88B41A2D2CEB9CFD0014522E /* AppDelegate.swift */,
				88B41A2F2CEB9CFD0014522E /* SceneDelegate.swift */,
				88B41A312CEB9CFD0014522E /* ViewController.swift */,
				88B41A332CEB9CFD0014522E /* Main.storyboard */,
				88B41A362CEB9CFE0014522E /* Assets.xcassets */,
				88B41A382CEB9CFE0014522E /* LaunchScreen.storyboard */,
				88B41A3B2CEB9CFE0014522E /* Info.plist */,
			);
			path = Kalkulator;
			sourceTree = "<group>";
		};
		88B41A432CEB9CFE0014522E /* KalkulatorTests */ = {
			isa = PBXGroup;
			children = (
				88B41A442CEB9CFE0014522E /* KalkulatorTests.swift */,
			);
			path = KalkulatorTests;
			sourceTree = "<group>";
		};
		88B41A4D2CEB9CFE0014522E /* KalkulatorUITests */ = {
			isa = PBXGroup;
			children = (
				88B41A4E2CEB9CFE0014522E /* KalkulatorUITests.swift */,
				88B41A502CEB9CFE0014522E /* KalkulatorUITestsLaunchTests.swift */,
			);
			path = KalkulatorUITests;
			sourceTree = "<group>";
		};
/* End PBXGroup section */

/* Begin PBXNativeTarget section */
		88B41A292CEB9CFD0014522E /* Kalkulator */ = {
			isa = PBXNativeTarget;
			buildConfigurationList = 88B41A542CEB9CFE0014522E /* Build configuration list for PBXNativeTarget "Kalkulator" */;
			buildPhases = (
				88B41A262CEB9CFD0014522E /* Sources */,
				88B41A272CEB9CFD0014522E /* Frameworks */,
				88B41A282CEB9CFD0014522E /* Resources */,
			);
			buildRules = (
			);
			dependencies = (
			);
			name = Kalkulator;
			productName = Kalkulator;
			productReference = 88B41A2A2CEB9CFD0014522E /* Kalkulator.app */;
			productType = "com.apple.product-type.application";
		};
		88B41A3F2CEB9CFE0014522E /* KalkulatorTests */ = {
			isa = PBXNativeTarget;
			buildConfigurationList = 88B41A572CEB9CFE0014522E /* Build configuration list for PBXNativeTarget "KalkulatorTests" */;
			buildPhases = (
				88B41A3C2CEB9CFE0014522E /* Sources */,
				88B41A3D2CEB9CFE0014522E /* Frameworks */,
				88B41A3E2CEB9CFE0014522E /* Resources */,
			);
			buildRules = (
			);
			dependencies = (
				88B41A422CEB9CFE0014522E /* PBXTargetDependency */,
			);
			name = KalkulatorTests;
			productName = KalkulatorTests;
			productReference = 88B41A402CEB9CFE0014522E /* KalkulatorTests.xctest */;
			productType = "com.apple.product-type.bundle.unit-test";
		};
		88B41A492CEB9CFE0014522E /* KalkulatorUITests */ = {
			isa = PBXNativeTarget;
			buildConfigurationList = 88B41A5A2CEB9CFE0014522E /* Build configuration list for PBXNativeTarget "KalkulatorUITests" */;
			buildPhases = (
				88B41A462CEB9CFE0014522E /* Sources */,
				88B41A472CEB9CFE0014522E /* Frameworks */,
				88B41A482CEB9CFE0014522E /* Resources */,
			);
			buildRules = (
			);
			dependencies = (
				88B41A4C2CEB9CFE0014522E /* PBXTargetDependency */,
			);
			name = KalkulatorUITests;
			productName = KalkulatorUITests;
			productReference = 88B41A4A2CEB9CFE0014522E /* KalkulatorUITests.xctest */;
			productType = "com.apple.product-type.bundle.ui-testing";
		};
/* End PBXNativeTarget section */

/* Begin PBXProject section */
		88B41A222CEB9CFD0014522E /* Project object */ = {
			isa = PBXProject;
			attributes = {
				BuildIndependentTargetsInParallel = 1;
				LastSwiftUpdateCheck = 1520;
				LastUpgradeCheck = 1520;
				TargetAttributes = {
					88B41A292CEB9CFD0014522E = {
						CreatedOnToolsVersion = 15.2;
					};
					88B41A3F2CEB9CFE0014522E = {
						CreatedOnToolsVersion = 15.2;
						TestTargetID = 88B41A292CEB9CFD0014522E;
					};
					88B41A492CEB9CFE0014522E = {
						CreatedOnToolsVersion = 15.2;
						TestTargetID = 88B41A292CEB9CFD0014522E;
					};
				};
			};
			buildConfigurationList = 88B41A252CEB9CFD0014522E /* Build configuration list for PBXProject "Kalkulator" */;
			compatibilityVersion = "Xcode 14.0";
			developmentRegion = en;
			hasScannedForEncodings = 0;
			knownRegions = (
				en,
				Base,
			);
			mainGroup = 88B41A212CEB9CFD0014522E;
			productRefGroup = 88B41A2B2CEB9CFD0014522E /* Products */;
			projectDirPath = "";
			projectRoot = "";
			targets = (
				88B41A292CEB9CFD0014522E /* Kalkulator */,
				88B41A3F2CEB9CFE0014522E /* KalkulatorTests */,
				88B41A492CEB9CFE0014522E /* KalkulatorUITests */,
			);
		};
/* End PBXProject section */

/* Begin PBXResourcesBuildPhase section */
		88B41A282CEB9CFD0014522E /* Resources */ = {
			isa = PBXResourcesBuildPhase;
			buildActionMask = 2147483647;
			files = (
				88B41A3A2CEB9CFE0014522E /* LaunchScreen.storyboard in Resources */,
				88B41A372CEB9CFE0014522E /* Assets.xcassets in Resources */,
				88B41A352CEB9CFD0014522E /* Main.storyboard in Resources */,
			);
			runOnlyForDeploymentPostprocessing = 0;
		};
		88B41A3E2CEB9CFE0014522E /* Resources */ = {
			isa = PBXResourcesBuildPhase;
			buildActionMask = 2147483647;
			files = (
			);
			runOnlyForDeploymentPostprocessing = 0;
		};
		88B41A482CEB9CFE0014522E /* Resources */ = {
			isa = PBXResourcesBuildPhase;
			buildActionMask = 2147483647;
			files = (
			);
			runOnlyForDeploymentPostprocessing = 0;
		};
/* End PBXResourcesBuildPhase section */

/* Begin PBXSourcesBuildPhase section */
		88B41A262CEB9CFD0014522E /* Sources */ = {
			isa = PBXSourcesBuildPhase;
			buildActionMask = 2147483647;
			files = (
				88B41A322CEB9CFD0014522E /* ViewController.swift in Sources */,
				88B41A2E2CEB9CFD0014522E /* AppDelegate.swift in Sources */,
				88B41A302CEB9CFD0014522E /* SceneDelegate.swift in Sources */,
			);
			runOnlyForDeploymentPostprocessing = 0;
		};
		88B41A3C2CEB9CFE0014522E /* Sources */ = {
			isa = PBXSourcesBuildPhase;
			buildActionMask = 2147483647;
			files = (
				88B41A452CEB9CFE0014522E /* KalkulatorTests.swift in Sources */,
			);
			runOnlyForDeploymentPostprocessing = 0;
		};
		88B41A462CEB9CFE0014522E /* Sources */ = {
			isa = PBXSourcesBuildPhase;
			buildActionMask = 2147483647;
			files = (
				88B41A512CEB9CFE0014522E /* KalkulatorUITestsLaunchTests.swift in Sources */,
				88B41A4F2CEB9CFE0014522E /* KalkulatorUITests.swift in Sources */,
			);
			runOnlyForDeploymentPostprocessing = 0;
		};
/* End PBXSourcesBuildPhase section */

/* Begin PBXTargetDependency section */
		88B41A422CEB9CFE0014522E /* PBXTargetDependency */ = {
			isa = PBXTargetDependency;
			target = 88B41A292CEB9CFD0014522E /* Kalkulator */;
			targetProxy = 88B41A412CEB9CFE0014522E /* PBXContainerItemProxy */;
		};
		88B41A4C2CEB9CFE0014522E /* PBXTargetDependency */ = {
			isa = PBXTargetDependency;
			target = 88B41A292CEB9CFD0014522E /* Kalkulator */;
			targetProxy = 88B41A4B2CEB9CFE0014522E /* PBXContainerItemProxy */;
		};
/* End PBXTargetDependency section */

/* Begin PBXVariantGroup section */
		88B41A332CEB9CFD0014522E /* Main.storyboard */ = {
			isa = PBXVariantGroup;
			children = (
				88B41A342CEB9CFD0014522E /* Base */,
			);
			name = Main.storyboard;
			sourceTree = "<group>";
		};
		88B41A382CEB9CFE0014522E /* LaunchScreen.storyboard */ = {
			isa = PBXVariantGroup;
			children = (
				88B41A392CEB9CFE0014522E /* Base */,
			);
			name = LaunchScreen.storyboard;
			sourceTree = "<group>";
		};
/* End PBXVariantGroup section */

/* Begin XCBuildConfiguration section */
		88B41A522CEB9CFE0014522E /* Debug */ = {
			isa = XCBuildConfiguration;
			buildSettings = {
				ALWAYS_SEARCH_USER_PATHS = NO;
				ASSETCATALOG_COMPILER_GENERATE_SWIFT_ASSET_SYMBOL_EXTENSIONS = YES;
				CLANG_ANALYZER_NONNULL = YES;
				CLANG_ANALYZER_NUMBER_OBJECT_CONVERSION = YES_AGGRESSIVE;
				CLANG_CXX_LANGUAGE_STANDARD = "gnu++20";
				CLANG_ENABLE_MODULES = YES;
				CLANG_ENABLE_OBJC_ARC = YES;
				CLANG_ENABLE_OBJC_WEAK = YES;
				CLANG_WARN_BLOCK_CAPTURE_AUTORELEASING = YES;
				CLANG_WARN_BOOL_CONVERSION = YES;
				CLANG_WARN_COMMA = YES;
				CLANG_WARN_CONSTANT_CONVERSION = YES;
				CLANG_WARN_DEPRECATED_OBJC_IMPLEMENTATIONS = YES;
				CLANG_WARN_DIRECT_OBJC_ISA_USAGE = YES_ERROR;
				CLANG_WARN_DOCUMENTATION_COMMENTS = YES;
				CLANG_WARN_EMPTY_BODY = YES;
				CLANG_WARN_ENUM_CONVERSION = YES;
				CLANG_WARN_INFINITE_RECURSION = YES;
				CLANG_WARN_INT_CONVERSION = YES;
				CLANG_WARN_NON_LITERAL_NULL_CONVERSION = YES;
				CLANG_WARN_OBJC_IMPLICIT_RETAIN_SELF = YES;
				CLANG_WARN_OBJC_LITERAL_CONVERSION = YES;
				CLANG_WARN_OBJC_ROOT_CLASS = YES_ERROR;
				CLANG_WARN_QUOTED_INCLUDE_IN_FRAMEWORK_HEADER = YES;
				CLANG_WARN_RANGE_LOOP_ANALYSIS = YES;
				CLANG_WARN_STRICT_PROTOTYPES = YES;
				CLANG_WARN_SUSPICIOUS_MOVE = YES;
				CLANG_WARN_UNGUARDED_AVAILABILITY = YES_AGGRESSIVE;
				CLANG_WARN_UNREACHABLE_CODE = YES;
				CLANG_WARN__DUPLICATE_METHOD_MATCH = YES;
				COPY_PHASE_STRIP = NO;
				DEBUG_INFORMATION_FORMAT = dwarf;
				ENABLE_STRICT_OBJC_MSGSEND = YES;
				ENABLE_TESTABILITY = YES;
				ENABLE_USER_SCRIPT_SANDBOXING = YES;
				GCC_C_LANGUAGE_STANDARD = gnu17;
				GCC_DYNAMIC_NO_PIC = NO;
				GCC_NO_COMMON_BLOCKS = YES;
				GCC_OPTIMIZATION_LEVEL = 0;
				GCC_PREPROCESSOR_DEFINITIONS = (
					"DEBUG=1",
					"$(inherited)",
				);
				GCC_WARN_64_TO_32_BIT_CONVERSION = YES;
				GCC_WARN_ABOUT_RETURN_TYPE = YES_ERROR;
				GCC_WARN_UNDECLARED_SELECTOR = YES;
				GCC_WARN_UNINITIALIZED_AUTOS = YES_AGGRESSIVE;
				GCC_WARN_UNUSED_FUNCTION = YES;
				GCC_WARN_UNUSED_VARIABLE = YES;
				IPHONEOS_DEPLOYMENT_TARGET = 17.2;
				LOCALIZATION_PREFERS_STRING_CATALOGS = YES;
				MTL_ENABLE_DEBUG_INFO = INCLUDE_SOURCE;
				MTL_FAST_MATH = YES;
				ONLY_ACTIVE_ARCH = YES;
				SDKROOT = iphoneos;
				SWIFT_ACTIVE_COMPILATION_CONDITIONS = "DEBUG $(inherited)";
				SWIFT_OPTIMIZATION_LEVEL = "-Onone";
			};
			name = Debug;
		};
		88B41A532CEB9CFE0014522E /* Release */ = {
			isa = XCBuildConfiguration;
			buildSettings = {
				ALWAYS_SEARCH_USER_PATHS = NO;
				ASSETCATALOG_COMPILER_GENERATE_SWIFT_ASSET_SYMBOL_EXTENSIONS = YES;
				CLANG_ANALYZER_NONNULL = YES;
				CLANG_ANALYZER_NUMBER_OBJECT_CONVERSION = YES_AGGRESSIVE;
				CLANG_CXX_LANGUAGE_STANDARD = "gnu++20";
				CLANG_ENABLE_MODULES = YES;
				CLANG_ENABLE_OBJC_ARC = YES;
				CLANG_ENABLE_OBJC_WEAK = YES;
				CLANG_WARN_BLOCK_CAPTURE_AUTORELEASING = YES;
				CLANG_WARN_BOOL_CONVERSION = YES;
				CLANG_WARN_COMMA = YES;
				CLANG_WARN_CONSTANT_CONVERSION = YES;
				CLANG_WARN_DEPRECATED_OBJC_IMPLEMENTATIONS = YES;
				CLANG_WARN_DIRECT_OBJC_ISA_USAGE = YES_ERROR;
				CLANG_WARN_DOCUMENTATION_COMMENTS = YES;
				CLANG_WARN_EMPTY_BODY = YES;
				CLANG_WARN_ENUM_CONVERSION = YES;
				CLANG_WARN_INFINITE_RECURSION = YES;
				CLANG_WARN_INT_CONVERSION = YES;
				CLANG_WARN_NON_LITERAL_NULL_CONVERSION = YES;
				CLANG_WARN_OBJC_IMPLICIT_RETAIN_SELF = YES;
				CLANG_WARN_OBJC_LITERAL_CONVERSION = YES;
				CLANG_WARN_OBJC_ROOT_CLASS = YES_ERROR;
				CLANG_WARN_QUOTED_INCLUDE_IN_FRAMEWORK_HEADER = YES;
				CLANG_WARN_RANGE_LOOP_ANALYSIS = YES;
				CLANG_WARN_STRICT_PROTOTYPES = YES;
				CLANG_WARN_SUSPICIOUS_MOVE = YES;
				CLANG_WARN_UNGUARDED_AVAILABILITY = YES_AGGRESSIVE;
				CLANG_WARN_UNREACHABLE_CODE = YES;
				CLANG_WARN__DUPLICATE_METHOD_MATCH = YES;
				COPY_PHASE_STRIP = NO;
				DEBUG_INFORMATION_FORMAT = "dwarf-with-dsym";
				ENABLE_NS_ASSERTIONS = NO;
				ENABLE_STRICT_OBJC_MSGSEND = YES;
				ENABLE_USER_SCRIPT_SANDBOXING = YES;
				GCC_C_LANGUAGE_STANDARD = gnu17;
				GCC_NO_COMMON_BLOCKS = YES;
				GCC_WARN_64_TO_32_BIT_CONVERSION = YES;
				GCC_WARN_ABOUT_RETURN_TYPE = YES_ERROR;
				GCC_WARN_UNDECLARED_SELECTOR = YES;
				GCC_WARN_UNINITIALIZED_AUTOS = YES_AGGRESSIVE;
				GCC_WARN_UNUSED_FUNCTION = YES;
				GCC_WARN_UNUSED_VARIABLE = YES;
				IPHONEOS_DEPLOYMENT_TARGET = 17.2;
				LOCALIZATION_PREFERS_STRING_CATALOGS = YES;
				MTL_ENABLE_DEBUG_INFO = NO;
				MTL_FAST_MATH = YES;
				SDKROOT = iphoneos;
				SWIFT_COMPILATION_MODE = wholemodule;
				VALIDATE_PRODUCT = YES;
			};
			name = Release;
		};
		88B41A552CEB9CFE0014522E /* Debug */ = {
			isa = XCBuildConfiguration;
			buildSettings = {
				ASSETCATALOG_COMPILER_APPICON_NAME = AppIcon;
				ASSETCATALOG_COMPILER_GLOBAL_ACCENT_COLOR_NAME = AccentColor;
				CODE_SIGN_STYLE = Automatic;
				CURRENT_PROJECT_VERSION = 1;
				GENERATE_INFOPLIST_FILE = YES;
				INFOPLIST_FILE = Kalkulator/Info.plist;
				INFOPLIST_KEY_UIApplicationSupportsIndirectInputEvents = YES;
				INFOPLIST_KEY_UILaunchStoryboardName = Main.storyboard;
				INFOPLIST_KEY_UIMainStoryboardFile = Main;
				INFOPLIST_KEY_UISupportedInterfaceOrientations_iPad = "UIInterfaceOrientationPortrait UIInterfaceOrientationPortraitUpsideDown UIInterfaceOrientationLandscapeLeft UIInterfaceOrientationLandscapeRight";
				INFOPLIST_KEY_UISupportedInterfaceOrientations_iPhone = "UIInterfaceOrientationPortrait UIInterfaceOrientationLandscapeLeft UIInterfaceOrientationLandscapeRight";
				LD_RUNPATH_SEARCH_PATHS = (
					"$(inherited)",
					"@executable_path/Frameworks",
				);
				MARKETING_VERSION = 1.0;
				PRODUCT_BUNDLE_IDENTIFIER = DK.Kalkulator;
				PRODUCT_NAME = "$(TARGET_NAME)";
				SWIFT_EMIT_LOC_STRINGS = YES;
				SWIFT_VERSION = 5.0;
				TARGETED_DEVICE_FAMILY = "1,2";
			};
			name = Debug;
		};
		88B41A562CEB9CFE0014522E /* Release */ = {
			isa = XCBuildConfiguration;
			buildSettings = {
				ASSETCATALOG_COMPILER_APPICON_NAME = AppIcon;
				ASSETCATALOG_COMPILER_GLOBAL_ACCENT_COLOR_NAME = AccentColor;
				CODE_SIGN_STYLE = Automatic;
				CURRENT_PROJECT_VERSION = 1;
				GENERATE_INFOPLIST_FILE = YES;
				INFOPLIST_FILE = Kalkulator/Info.plist;
				INFOPLIST_KEY_UIApplicationSupportsIndirectInputEvents = YES;
				INFOPLIST_KEY_UILaunchStoryboardName = Main.storyboard;
				INFOPLIST_KEY_UIMainStoryboardFile = Main;
				INFOPLIST_KEY_UISupportedInterfaceOrientations_iPad = "UIInterfaceOrientationPortrait UIInterfaceOrientationPortraitUpsideDown UIInterfaceOrientationLandscapeLeft UIInterfaceOrientationLandscapeRight";
				INFOPLIST_KEY_UISupportedInterfaceOrientations_iPhone = "UIInterfaceOrientationPortrait UIInterfaceOrientationLandscapeLeft UIInterfaceOrientationLandscapeRight";
				LD_RUNPATH_SEARCH_PATHS = (
					"$(inherited)",
					"@executable_path/Frameworks",
				);
				MARKETING_VERSION = 1.0;
				PRODUCT_BUNDLE_IDENTIFIER = DK.Kalkulator;
				PRODUCT_NAME = "$(TARGET_NAME)";
				SWIFT_EMIT_LOC_STRINGS = YES;
				SWIFT_VERSION = 5.0;
				TARGETED_DEVICE_FAMILY = "1,2";
			};
			name = Release;
		};
		88B41A582CEB9CFE0014522E /* Debug */ = {
			isa = XCBuildConfiguration;
			buildSettings = {
				ALWAYS_EMBED_SWIFT_STANDARD_LIBRARIES = YES;
				BUNDLE_LOADER = "$(TEST_HOST)";
				CODE_SIGN_STYLE = Automatic;
				CURRENT_PROJECT_VERSION = 1;
				GENERATE_INFOPLIST_FILE = YES;
				IPHONEOS_DEPLOYMENT_TARGET = 17.2;
				MARKETING_VERSION = 1.0;
				PRODUCT_BUNDLE_IDENTIFIER = DK.KalkulatorTests;
				PRODUCT_NAME = "$(TARGET_NAME)";
				SWIFT_EMIT_LOC_STRINGS = NO;
				SWIFT_VERSION = 5.0;
				TARGETED_DEVICE_FAMILY = "1,2";
				TEST_HOST = "$(BUILT_PRODUCTS_DIR)/Kalkulator.app/$(BUNDLE_EXECUTABLE_FOLDER_PATH)/Kalkulator";
			};
			name = Debug;
		};
		88B41A592CEB9CFE0014522E /* Release */ = {
			isa = XCBuildConfiguration;
			buildSettings = {
				ALWAYS_EMBED_SWIFT_STANDARD_LIBRARIES = YES;
				BUNDLE_LOADER = "$(TEST_HOST)";
				CODE_SIGN_STYLE = Automatic;
				CURRENT_PROJECT_VERSION = 1;
				GENERATE_INFOPLIST_FILE = YES;
				IPHONEOS_DEPLOYMENT_TARGET = 17.2;
				MARKETING_VERSION = 1.0;
				PRODUCT_BUNDLE_IDENTIFIER = DK.KalkulatorTests;
				PRODUCT_NAME = "$(TARGET_NAME)";
				SWIFT_EMIT_LOC_STRINGS = NO;
				SWIFT_VERSION = 5.0;
				TARGETED_DEVICE_FAMILY = "1,2";
				TEST_HOST = "$(BUILT_PRODUCTS_DIR)/Kalkulator.app/$(BUNDLE_EXECUTABLE_FOLDER_PATH)/Kalkulator";
			};
			name = Release;
		};
		88B41A5B2CEB9CFE0014522E /* Debug */ = {
			isa = XCBuildConfiguration;
			buildSettings = {
				ALWAYS_EMBED_SWIFT_STANDARD_LIBRARIES = YES;
				CODE_SIGN_STYLE = Automatic;
				CURRENT_PROJECT_VERSION = 1;
				GENERATE_INFOPLIST_FILE = YES;
				MARKETING_VERSION = 1.0;
				PRODUCT_BUNDLE_IDENTIFIER = DK.KalkulatorUITests;
				PRODUCT_NAME = "$(TARGET_NAME)";
				SWIFT_EMIT_LOC_STRINGS = NO;
				SWIFT_VERSION = 5.0;
				TARGETED_DEVICE_FAMILY = "1,2";
				TEST_TARGET_NAME = Kalkulator;
			};
			name = Debug;
		};
		88B41A5C2CEB9CFE0014522E /* Release */ = {
			isa = XCBuildConfiguration;
			buildSettings = {
				ALWAYS_EMBED_SWIFT_STANDARD_LIBRARIES = YES;
				CODE_SIGN_STYLE = Automatic;
				CURRENT_PROJECT_VERSION = 1;
				GENERATE_INFOPLIST_FILE = YES;
				MARKETING_VERSION = 1.0;
				PRODUCT_BUNDLE_IDENTIFIER = DK.KalkulatorUITests;
				PRODUCT_NAME = "$(TARGET_NAME)";
				SWIFT_EMIT_LOC_STRINGS = NO;
				SWIFT_VERSION = 5.0;
				TARGETED_DEVICE_FAMILY = "1,2";
				TEST_TARGET_NAME = Kalkulator;
			};
			name = Release;
		};
/* End XCBuildConfiguration section */

/* Begin XCConfigurationList section */
		88B41A252CEB9CFD0014522E /* Build configuration list for PBXProject "Kalkulator" */ = {
			isa = XCConfigurationList;
			buildConfigurations = (
				88B41A522CEB9CFE0014522E /* Debug */,
				88B41A532CEB9CFE0014522E /* Release */,
			);
			defaultConfigurationIsVisible = 0;
			defaultConfigurationName = Release;
		};
		88B41A542CEB9CFE0014522E /* Build configuration list for PBXNativeTarget "Kalkulator" */ = {
			isa = XCConfigurationList;
			buildConfigurations = (
				88B41A552CEB9CFE0014522E /* Debug */,
				88B41A562CEB9CFE0014522E /* Release */,
			);
			defaultConfigurationIsVisible = 0;
			defaultConfigurationName = Release;
		};
		88B41A572CEB9CFE0014522E /* Build configuration list for PBXNativeTarget "KalkulatorTests" */ = {
			isa = XCConfigurationList;
			buildConfigurations = (
				88B41A582CEB9CFE0014522E /* Debug */,
				88B41A592CEB9CFE0014522E /* Release */,
			);
			defaultConfigurationIsVisible = 0;
			defaultConfigurationName = Release;
		};
		88B41A5A2CEB9CFE0014522E /* Build configuration list for PBXNativeTarget "KalkulatorUITests" */ = {
			isa = XCConfigurationList;
			buildConfigurations = (
				88B41A5B2CEB9CFE0014522E /* Debug */,
				88B41A5C2CEB9CFE0014522E /* Release */,
			);
			defaultConfigurationIsVisible = 0;
			defaultConfigurationName = Release;
		};
/* End XCConfigurationList section */
	};
	rootObject = 88B41A222CEB9CFD0014522E /* Project object */;
}
